PODS:
  - Alamofire (2.0.1)
  - Google/Analytics (1.0.7):
    - Google/Core
    - GoogleAnalytics (~> 3.12)
  - Google/Core (1.0.7):
    - GoogleNetworkingUtilities (~> 1.0)
    - GoogleSymbolUtilities (~> 1.0)
    - GoogleUtilities (~> 1.0)
  - GoogleAnalytics (3.13.0)
  - GoogleNetworkingUtilities (1.0.0):
    - GoogleSymbolUtilities (~> 1.0)
  - GoogleSymbolUtilities (1.0.0)
  - GoogleUtilities (1.0.1):
    - GoogleSymbolUtilities (~> 1.0)
  - RSBarcodes_Swift (0.0.9)
  - SwiftyJSON (2.3.0)

DEPENDENCIES:
  - Alamofire (~> 2.0)
  - Google/Analytics (~> 1.0.0)
  - RSBarcodes_Swift (from `https://github.com/yeahdongcn/RSBarcodes_Swift.git`, branch
    `Swift2.0`)
  - SwiftyJSON (from `https://github.com/SwiftyJSON/SwiftyJSON.git`)

EXTERNAL SOURCES:
  RSBarcodes_Swift:
    :branch: Swift2.0
    :git: https://github.com/yeahdongcn/RSBarcodes_Swift.git
  SwiftyJSON:
    :git: https://github.com/SwiftyJSON/SwiftyJSON.git

CHECKOUT OPTIONS:
  RSBarcodes_Swift:
    :commit: d3c89b0231976afa5be74a424952dae4934b1246
    :git: https://github.com/yeahdongcn/RSBarcodes_Swift.git
  SwiftyJSON:
    :commit: 3b5d0d4e0c19173b1bf0dc823bde25ad870f70c0
    :git: https://github.com/SwiftyJSON/SwiftyJSON.git

SPEC CHECKSUMS:
  Alamofire: 1d8e208d616fbbfd2391b15eae766d07c96cdc49
  Google: 875f5a8ade86dd02e36586e4a54814843938c7f6
  GoogleAnalytics: fcf1f1cad57ae1a9a53520018f0f680ceeeb8b49
  GoogleNetworkingUtilities: 292992ab31b7b4ba32809a0e8b40e324cdfb2c0c
  GoogleSymbolUtilities: a7b0feed1fe667c8d5e647177938d0ecd62d6948
  GoogleUtilities: e3475cd4d45134221d2f3f3626095a1c49b62041
  RSBarcodes_Swift: dff2e4b0e2328d0a4fe3e92801e45749ba16ecb0
  SwiftyJSON: 8d6b61a70277ef2a5d710d372e06e7e2d87fb9e4

COCOAPODS: 0.38.2
