// !$*UTF8*$!
{
	archiveVersion = 1;
	classes = {
	};
	objectVersion = 46;
	objects = {

/* Begin PBXBuildFile section */
		4E5410941E35FEC803EA8E2D /* libPods-HackTX.a in Frameworks */ = {isa = PBXBuildFile; fileRef = B67A442663439B9AD415E5F6 /* libPods-HackTX.a */; };
		8215AD7F1D8DBE3700377370 /* Sponsor.m in Sources */ = {isa = PBXBuildFile; fileRef = 8215AD7E1D8DBE3700377370 /* Sponsor.m */; };
		8215AD831D8DC49F00377370 /* Announcement.m in Sources */ = {isa = PBXBuildFile; fileRef = 8215AD821D8DC49F00377370 /* Announcement.m */; };
		8215AD861D8DC53D00377370 /* Location.m in Sources */ = {isa = PBXBuildFile; fileRef = 8215AD851D8DC53D00377370 /* Location.m */; };
		8215AD891D8DC63F00377370 /* Event.m in Sources */ = {isa = PBXBuildFile; fileRef = 8215AD881D8DC63F00377370 /* Event.m */; };
		8215AD8C1D8DC70F00377370 /* Speaker.m in Sources */ = {isa = PBXBuildFile; fileRef = 8215AD8B1D8DC70F00377370 /* Speaker.m */; };
		8215AD8F1D8DC88100377370 /* HTXAPI.m in Sources */ = {isa = PBXBuildFile; fileRef = 8215AD8E1D8DC88100377370 /* HTXAPI.m */; };
		8215AD921D8DD26C00377370 /* SponsorViewController.m in Sources */ = {isa = PBXBuildFile; fileRef = 8215AD911D8DD26C00377370 /* SponsorViewController.m */; };
		8215AD9A1D8DD36000377370 /* AnnouncementTableViewController.m in Sources */ = {isa = PBXBuildFile; fileRef = 8215AD991D8DD36000377370 /* AnnouncementTableViewController.m */; };
		8215AD9E1D8DD37B00377370 /* AnnouncementTableViewCell.m in Sources */ = {isa = PBXBuildFile; fileRef = 8215AD9C1D8DD37B00377370 /* AnnouncementTableViewCell.m */; };
		8215AD9F1D8DD37B00377370 /* AnnouncementTableViewCell.xib in Resources */ = {isa = PBXBuildFile; fileRef = 8215AD9D1D8DD37B00377370 /* AnnouncementTableViewCell.xib */; };
		8215ADAB1D8E230F00377370 /* HTXTableViewCell.m in Sources */ = {isa = PBXBuildFile; fileRef = 8215ADA91D8E230F00377370 /* HTXTableViewCell.m */; };
		8215ADAF1D8E27F800377370 /* NSString+MD5.m in Sources */ = {isa = PBXBuildFile; fileRef = 8215ADAE1D8E27F800377370 /* NSString+MD5.m */; };
		822A4D981D779BCD00C65761 /* main.m in Sources */ = {isa = PBXBuildFile; fileRef = 822A4D971D779BCD00C65761 /* main.m */; };
		822A4D9B1D779BCD00C65761 /* AppDelegate.m in Sources */ = {isa = PBXBuildFile; fileRef = 822A4D9A1D779BCD00C65761 /* AppDelegate.m */; };
		822A4DA41D779BCD00C65761 /* Main.storyboard in Resources */ = {isa = PBXBuildFile; fileRef = 822A4DA21D779BCD00C65761 /* Main.storyboard */; };
		822A4DA61D779BCD00C65761 /* Assets.xcassets in Resources */ = {isa = PBXBuildFile; fileRef = 822A4DA51D779BCD00C65761 /* Assets.xcassets */; };
		822A4DA91D779BCD00C65761 /* LaunchScreen.storyboard in Resources */ = {isa = PBXBuildFile; fileRef = 822A4DA71D779BCD00C65761 /* LaunchScreen.storyboard */; };
		822A4DB11D779D8800C65761 /* GoogleService-Info.plist in Resources */ = {isa = PBXBuildFile; fileRef = 822A4DB01D779D8800C65761 /* GoogleService-Info.plist */; };
		822A4DB41D779DBD00C65761 /* ScheduleViewController.m in Sources */ = {isa = PBXBuildFile; fileRef = 822A4DB31D779DBD00C65761 /* ScheduleViewController.m */; };
		822A4DB71D779DD100C65761 /* AnnouncementsViewController.m in Sources */ = {isa = PBXBuildFile; fileRef = 822A4DB61D779DD100C65761 /* AnnouncementsViewController.m */; };
		822A4DBA1D779DDA00C65761 /* ProfileViewController.m in Sources */ = {isa = PBXBuildFile; fileRef = 822A4DB91D779DDA00C65761 /* ProfileViewController.m */; };
		822A4DC01D779DF100C65761 /* MapViewController.m in Sources */ = {isa = PBXBuildFile; fileRef = 822A4DBF1D779DF100C65761 /* MapViewController.m */; };
		822E95191D7FF4EE00C0402E /* HTXConstants.m in Sources */ = {isa = PBXBuildFile; fileRef = 822E95181D7FF4EE00C0402E /* HTXConstants.m */; };
		82BA003A1D81492F006CA2C6 /* AutolayoutHelper.m in Sources */ = {isa = PBXBuildFile; fileRef = 82BA00391D81492F006CA2C6 /* AutolayoutHelper.m */; };
		82BA003D1D8149B1006CA2C6 /* UIColor+Palette.m in Sources */ = {isa = PBXBuildFile; fileRef = 82BA003C1D8149B1006CA2C6 /* UIColor+Palette.m */; };
		82BA00401D814ABA006CA2C6 /* CountdownView.m in Sources */ = {isa = PBXBuildFile; fileRef = 82BA003F1D814ABA006CA2C6 /* CountdownView.m */; };
/* End PBXBuildFile section */

/* Begin PBXFileReference section */
		099214E83B6739C941439E79 /* Pods-HackTX.release.xcconfig */ = {isa = PBXFileReference; includeInIndex = 1; lastKnownFileType = text.xcconfig; name = "Pods-HackTX.release.xcconfig"; path = "Pods/Target Support Files/Pods-HackTX/Pods-HackTX.release.xcconfig"; sourceTree = "<group>"; };
		8215AD7D1D8DBE3700377370 /* Sponsor.h */ = {isa = PBXFileReference; fileEncoding = 4; lastKnownFileType = sourcecode.c.h; path = Sponsor.h; sourceTree = "<group>"; };
		8215AD7E1D8DBE3700377370 /* Sponsor.m */ = {isa = PBXFileReference; fileEncoding = 4; lastKnownFileType = sourcecode.c.objc; path = Sponsor.m; sourceTree = "<group>"; };
		8215AD811D8DC49F00377370 /* Announcement.h */ = {isa = PBXFileReference; fileEncoding = 4; lastKnownFileType = sourcecode.c.h; path = Announcement.h; sourceTree = "<group>"; };
		8215AD821D8DC49F00377370 /* Announcement.m */ = {isa = PBXFileReference; fileEncoding = 4; lastKnownFileType = sourcecode.c.objc; path = Announcement.m; sourceTree = "<group>"; };
		8215AD841D8DC53D00377370 /* Location.h */ = {isa = PBXFileReference; fileEncoding = 4; lastKnownFileType = sourcecode.c.h; path = Location.h; sourceTree = "<group>"; };
		8215AD851D8DC53D00377370 /* Location.m */ = {isa = PBXFileReference; fileEncoding = 4; lastKnownFileType = sourcecode.c.objc; path = Location.m; sourceTree = "<group>"; };
		8215AD871D8DC63F00377370 /* Event.h */ = {isa = PBXFileReference; fileEncoding = 4; lastKnownFileType = sourcecode.c.h; path = Event.h; sourceTree = "<group>"; };
		8215AD881D8DC63F00377370 /* Event.m */ = {isa = PBXFileReference; fileEncoding = 4; lastKnownFileType = sourcecode.c.objc; path = Event.m; sourceTree = "<group>"; };
		8215AD8A1D8DC70F00377370 /* Speaker.h */ = {isa = PBXFileReference; fileEncoding = 4; lastKnownFileType = sourcecode.c.h; path = Speaker.h; sourceTree = "<group>"; };
		8215AD8B1D8DC70F00377370 /* Speaker.m */ = {isa = PBXFileReference; fileEncoding = 4; lastKnownFileType = sourcecode.c.objc; path = Speaker.m; sourceTree = "<group>"; };
		8215AD8D1D8DC88100377370 /* HTXAPI.h */ = {isa = PBXFileReference; fileEncoding = 4; lastKnownFileType = sourcecode.c.h; path = HTXAPI.h; sourceTree = "<group>"; };
		8215AD8E1D8DC88100377370 /* HTXAPI.m */ = {isa = PBXFileReference; fileEncoding = 4; lastKnownFileType = sourcecode.c.objc; path = HTXAPI.m; sourceTree = "<group>"; };
		8215AD901D8DD26C00377370 /* SponsorViewController.h */ = {isa = PBXFileReference; fileEncoding = 4; lastKnownFileType = sourcecode.c.h; path = SponsorViewController.h; sourceTree = "<group>"; };
		8215AD911D8DD26C00377370 /* SponsorViewController.m */ = {isa = PBXFileReference; fileEncoding = 4; lastKnownFileType = sourcecode.c.objc; path = SponsorViewController.m; sourceTree = "<group>"; };
		8215AD981D8DD36000377370 /* AnnouncementTableViewController.h */ = {isa = PBXFileReference; fileEncoding = 4; lastKnownFileType = sourcecode.c.h; path = AnnouncementTableViewController.h; sourceTree = "<group>"; };
		8215AD991D8DD36000377370 /* AnnouncementTableViewController.m */ = {isa = PBXFileReference; fileEncoding = 4; lastKnownFileType = sourcecode.c.objc; path = AnnouncementTableViewController.m; sourceTree = "<group>"; };
		8215AD9B1D8DD37B00377370 /* AnnouncementTableViewCell.h */ = {isa = PBXFileReference; fileEncoding = 4; lastKnownFileType = sourcecode.c.h; path = AnnouncementTableViewCell.h; sourceTree = "<group>"; };
		8215AD9C1D8DD37B00377370 /* AnnouncementTableViewCell.m */ = {isa = PBXFileReference; fileEncoding = 4; lastKnownFileType = sourcecode.c.objc; path = AnnouncementTableViewCell.m; sourceTree = "<group>"; };
		8215AD9D1D8DD37B00377370 /* AnnouncementTableViewCell.xib */ = {isa = PBXFileReference; fileEncoding = 4; lastKnownFileType = file.xib; path = AnnouncementTableViewCell.xib; sourceTree = "<group>"; };
		8215ADA81D8E230F00377370 /* HTXTableViewCell.h */ = {isa = PBXFileReference; fileEncoding = 4; lastKnownFileType = sourcecode.c.h; path = HTXTableViewCell.h; sourceTree = "<group>"; };
		8215ADA91D8E230F00377370 /* HTXTableViewCell.m */ = {isa = PBXFileReference; fileEncoding = 4; lastKnownFileType = sourcecode.c.objc; path = HTXTableViewCell.m; sourceTree = "<group>"; };
		8215ADAD1D8E27F700377370 /* NSString+MD5.h */ = {isa = PBXFileReference; fileEncoding = 4; lastKnownFileType = sourcecode.c.h; path = "NSString+MD5.h"; sourceTree = "<group>"; };
		8215ADAE1D8E27F800377370 /* NSString+MD5.m */ = {isa = PBXFileReference; fileEncoding = 4; lastKnownFileType = sourcecode.c.objc; path = "NSString+MD5.m"; sourceTree = "<group>"; };
		822A4D931D779BCD00C65761 /* HackTX.app */ = {isa = PBXFileReference; explicitFileType = wrapper.application; includeInIndex = 0; path = HackTX.app; sourceTree = BUILT_PRODUCTS_DIR; };
		822A4D971D779BCD00C65761 /* main.m */ = {isa = PBXFileReference; lastKnownFileType = sourcecode.c.objc; path = main.m; sourceTree = "<group>"; };
		822A4D991D779BCD00C65761 /* AppDelegate.h */ = {isa = PBXFileReference; lastKnownFileType = sourcecode.c.h; path = AppDelegate.h; sourceTree = "<group>"; };
		822A4D9A1D779BCD00C65761 /* AppDelegate.m */ = {isa = PBXFileReference; lastKnownFileType = sourcecode.c.objc; path = AppDelegate.m; sourceTree = "<group>"; };
		822A4DA31D779BCD00C65761 /* Base */ = {isa = PBXFileReference; lastKnownFileType = file.storyboard; name = Base; path = Base.lproj/Main.storyboard; sourceTree = "<group>"; };
		822A4DA51D779BCD00C65761 /* Assets.xcassets */ = {isa = PBXFileReference; lastKnownFileType = folder.assetcatalog; path = Assets.xcassets; sourceTree = "<group>"; };
		822A4DA81D779BCD00C65761 /* Base */ = {isa = PBXFileReference; lastKnownFileType = file.storyboard; name = Base; path = Base.lproj/LaunchScreen.storyboard; sourceTree = "<group>"; };
		822A4DAA1D779BCD00C65761 /* Info.plist */ = {isa = PBXFileReference; lastKnownFileType = text.plist.xml; path = Info.plist; sourceTree = "<group>"; };
		822A4DB01D779D8800C65761 /* GoogleService-Info.plist */ = {isa = PBXFileReference; fileEncoding = 4; lastKnownFileType = text.plist.xml; path = "GoogleService-Info.plist"; sourceTree = "<group>"; };
		822A4DB21D779DBD00C65761 /* ScheduleViewController.h */ = {isa = PBXFileReference; fileEncoding = 4; lastKnownFileType = sourcecode.c.h; path = ScheduleViewController.h; sourceTree = "<group>"; };
		822A4DB31D779DBD00C65761 /* ScheduleViewController.m */ = {isa = PBXFileReference; fileEncoding = 4; lastKnownFileType = sourcecode.c.objc; path = ScheduleViewController.m; sourceTree = "<group>"; };
		822A4DB51D779DD100C65761 /* AnnouncementsViewController.h */ = {isa = PBXFileReference; fileEncoding = 4; lastKnownFileType = sourcecode.c.h; path = AnnouncementsViewController.h; sourceTree = "<group>"; };
		822A4DB61D779DD100C65761 /* AnnouncementsViewController.m */ = {isa = PBXFileReference; fileEncoding = 4; lastKnownFileType = sourcecode.c.objc; path = AnnouncementsViewController.m; sourceTree = "<group>"; };
		822A4DB81D779DDA00C65761 /* ProfileViewController.h */ = {isa = PBXFileReference; fileEncoding = 4; lastKnownFileType = sourcecode.c.h; path = ProfileViewController.h; sourceTree = "<group>"; };
		822A4DB91D779DDA00C65761 /* ProfileViewController.m */ = {isa = PBXFileReference; fileEncoding = 4; lastKnownFileType = sourcecode.c.objc; path = ProfileViewController.m; sourceTree = "<group>"; };
		822A4DBE1D779DF100C65761 /* MapViewController.h */ = {isa = PBXFileReference; fileEncoding = 4; lastKnownFileType = sourcecode.c.h; path = MapViewController.h; sourceTree = "<group>"; };
		822A4DBF1D779DF100C65761 /* MapViewController.m */ = {isa = PBXFileReference; fileEncoding = 4; lastKnownFileType = sourcecode.c.objc; path = MapViewController.m; sourceTree = "<group>"; };
		822E95171D7FF4EE00C0402E /* HTXConstants.h */ = {isa = PBXFileReference; fileEncoding = 4; lastKnownFileType = sourcecode.c.h; path = HTXConstants.h; sourceTree = "<group>"; };
		822E95181D7FF4EE00C0402E /* HTXConstants.m */ = {isa = PBXFileReference; fileEncoding = 4; lastKnownFileType = sourcecode.c.objc; path = HTXConstants.m; sourceTree = "<group>"; };
		82BA00381D81492F006CA2C6 /* AutolayoutHelper.h */ = {isa = PBXFileReference; fileEncoding = 4; lastKnownFileType = sourcecode.c.h; path = AutolayoutHelper.h; sourceTree = "<group>"; };
		82BA00391D81492F006CA2C6 /* AutolayoutHelper.m */ = {isa = PBXFileReference; fileEncoding = 4; lastKnownFileType = sourcecode.c.objc; path = AutolayoutHelper.m; sourceTree = "<group>"; };
		82BA003B1D8149B1006CA2C6 /* UIColor+Palette.h */ = {isa = PBXFileReference; fileEncoding = 4; lastKnownFileType = sourcecode.c.h; path = "UIColor+Palette.h"; sourceTree = "<group>"; };
		82BA003C1D8149B1006CA2C6 /* UIColor+Palette.m */ = {isa = PBXFileReference; fileEncoding = 4; lastKnownFileType = sourcecode.c.objc; path = "UIColor+Palette.m"; sourceTree = "<group>"; };
		82BA003E1D814ABA006CA2C6 /* CountdownView.h */ = {isa = PBXFileReference; fileEncoding = 4; lastKnownFileType = sourcecode.c.h; path = CountdownView.h; sourceTree = "<group>"; };
		82BA003F1D814ABA006CA2C6 /* CountdownView.m */ = {isa = PBXFileReference; fileEncoding = 4; lastKnownFileType = sourcecode.c.objc; path = CountdownView.m; sourceTree = "<group>"; };
		B67A442663439B9AD415E5F6 /* libPods-HackTX.a */ = {isa = PBXFileReference; explicitFileType = archive.ar; includeInIndex = 0; path = "libPods-HackTX.a"; sourceTree = BUILT_PRODUCTS_DIR; };
		DDE9620564A4ACF2DB3BFB7E /* Pods-HackTX.debug.xcconfig */ = {isa = PBXFileReference; includeInIndex = 1; lastKnownFileType = text.xcconfig; name = "Pods-HackTX.debug.xcconfig"; path = "Pods/Target Support Files/Pods-HackTX/Pods-HackTX.debug.xcconfig"; sourceTree = "<group>"; };
/* End PBXFileReference section */

/* Begin PBXFrameworksBuildPhase section */
		822A4D901D779BCD00C65761 /* Frameworks */ = {
			isa = PBXFrameworksBuildPhase;
			buildActionMask = 2147483647;
			files = (
				4E5410941E35FEC803EA8E2D /* libPods-HackTX.a in Frameworks */,
			);
			runOnlyForDeploymentPostprocessing = 0;
		};
/* End PBXFrameworksBuildPhase section */

/* Begin PBXGroup section */
		4213B7E075F5C7663EDD6D3D /* Pods */ = {
			isa = PBXGroup;
			children = (
				DDE9620564A4ACF2DB3BFB7E /* Pods-HackTX.debug.xcconfig */,
				099214E83B6739C941439E79 /* Pods-HackTX.release.xcconfig */,
			);
			name = Pods;
			sourceTree = "<group>";
		};
		71DC8291476C31865A92A66B /* Frameworks */ = {
			isa = PBXGroup;
			children = (
				B67A442663439B9AD415E5F6 /* libPods-HackTX.a */,
			);
			name = Frameworks;
			sourceTree = "<group>";
		};
		8215AD801D8DBE4900377370 /* Models */ = {
			isa = PBXGroup;
			children = (
				8215AD7D1D8DBE3700377370 /* Sponsor.h */,
				8215AD7E1D8DBE3700377370 /* Sponsor.m */,
				8215AD811D8DC49F00377370 /* Announcement.h */,
				8215AD821D8DC49F00377370 /* Announcement.m */,
				8215AD841D8DC53D00377370 /* Location.h */,
				8215AD851D8DC53D00377370 /* Location.m */,
				8215AD871D8DC63F00377370 /* Event.h */,
				8215AD881D8DC63F00377370 /* Event.m */,
				8215AD8A1D8DC70F00377370 /* Speaker.h */,
				8215AD8B1D8DC70F00377370 /* Speaker.m */,
			);
			name = Models;
			sourceTree = "<group>";
		};
		8215AD931D8DD2A900377370 /* Schedule */ = {
			isa = PBXGroup;
			children = (
				822A4DB21D779DBD00C65761 /* ScheduleViewController.h */,
				822A4DB31D779DBD00C65761 /* ScheduleViewController.m */,
			);
			name = Schedule;
			sourceTree = "<group>";
		};
		8215AD941D8DD2B300377370 /* Sponsor */ = {
			isa = PBXGroup;
			children = (
				8215AD901D8DD26C00377370 /* SponsorViewController.h */,
				8215AD911D8DD26C00377370 /* SponsorViewController.m */,
			);
			name = Sponsor;
			sourceTree = "<group>";
		};
		8215AD951D8DD2BA00377370 /* Map */ = {
			isa = PBXGroup;
			children = (
				822A4DBE1D779DF100C65761 /* MapViewController.h */,
				822A4DBF1D779DF100C65761 /* MapViewController.m */,
			);
			name = Map;
			sourceTree = "<group>";
		};
		8215AD961D8DD2D100377370 /* Announcement */ = {
			isa = PBXGroup;
			children = (
				8215AD981D8DD36000377370 /* AnnouncementTableViewController.h */,
				8215AD991D8DD36000377370 /* AnnouncementTableViewController.m */,
				8215AD9B1D8DD37B00377370 /* AnnouncementTableViewCell.h */,
				8215AD9C1D8DD37B00377370 /* AnnouncementTableViewCell.m */,
				8215AD9D1D8DD37B00377370 /* AnnouncementTableViewCell.xib */,
				822A4DB51D779DD100C65761 /* AnnouncementsViewController.h */,
				822A4DB61D779DD100C65761 /* AnnouncementsViewController.m */,
			);
			name = Announcement;
			sourceTree = "<group>";
		};
		8215AD971D8DD2DC00377370 /* Profile */ = {
			isa = PBXGroup;
			children = (
				822A4DB81D779DDA00C65761 /* ProfileViewController.h */,
				822A4DB91D779DDA00C65761 /* ProfileViewController.m */,
			);
			name = Profile;
			sourceTree = "<group>";
		};
		822A4D8A1D779BCD00C65761 = {
			isa = PBXGroup;
			children = (
				822A4D951D779BCD00C65761 /* HackTX */,
				822A4D941D779BCD00C65761 /* Products */,
				4213B7E075F5C7663EDD6D3D /* Pods */,
				71DC8291476C31865A92A66B /* Frameworks */,
			);
			sourceTree = "<group>";
		};
		822A4D941D779BCD00C65761 /* Products */ = {
			isa = PBXGroup;
			children = (
				822A4D931D779BCD00C65761 /* HackTX.app */,
			);
			name = Products;
			sourceTree = "<group>";
		};
		822A4D951D779BCD00C65761 /* HackTX */ = {
			isa = PBXGroup;
			children = (
				8215AD8D1D8DC88100377370 /* HTXAPI.h */,
				8215AD8E1D8DC88100377370 /* HTXAPI.m */,
				8215ADAD1D8E27F700377370 /* NSString+MD5.h */,
				8215ADAE1D8E27F800377370 /* NSString+MD5.m */,
				822A4D991D779BCD00C65761 /* AppDelegate.h */,
				822A4D9A1D779BCD00C65761 /* AppDelegate.m */,
				8215AD801D8DBE4900377370 /* Models */,
				8215AD931D8DD2A900377370 /* Schedule */,
				8215AD941D8DD2B300377370 /* Sponsor */,
				8215AD951D8DD2BA00377370 /* Map */,
				8215AD961D8DD2D100377370 /* Announcement */,
				8215AD971D8DD2DC00377370 /* Profile */,
				8215ADA81D8E230F00377370 /* HTXTableViewCell.h */,
				8215ADA91D8E230F00377370 /* HTXTableViewCell.m */,
				82BA003E1D814ABA006CA2C6 /* CountdownView.h */,
				82BA003F1D814ABA006CA2C6 /* CountdownView.m */,
				82BA003B1D8149B1006CA2C6 /* UIColor+Palette.h */,
				82BA003C1D8149B1006CA2C6 /* UIColor+Palette.m */,
				822A4DA21D779BCD00C65761 /* Main.storyboard */,
				822A4DA51D779BCD00C65761 /* Assets.xcassets */,
				822A4DA71D779BCD00C65761 /* LaunchScreen.storyboard */,
				822A4DAA1D779BCD00C65761 /* Info.plist */,
				822A4DB01D779D8800C65761 /* GoogleService-Info.plist */,
				822A4D961D779BCD00C65761 /* Supporting Files */,
			);
			path = HackTX;
			sourceTree = "<group>";
		};
		822A4D961D779BCD00C65761 /* Supporting Files */ = {
			isa = PBXGroup;
			children = (
				822A4D971D779BCD00C65761 /* main.m */,
				82BA00381D81492F006CA2C6 /* AutolayoutHelper.h */,
				82BA00391D81492F006CA2C6 /* AutolayoutHelper.m */,
				822E95171D7FF4EE00C0402E /* HTXConstants.h */,
				822E95181D7FF4EE00C0402E /* HTXConstants.m */,
			);
			name = "Supporting Files";
			sourceTree = "<group>";
		};
/* End PBXGroup section */

/* Begin PBXNativeTarget section */
		822A4D921D779BCD00C65761 /* HackTX */ = {
			isa = PBXNativeTarget;
			buildConfigurationList = 822A4DAD1D779BCD00C65761 /* Build configuration list for PBXNativeTarget "HackTX" */;
			buildPhases = (
				548772046E64AF676BEB4EBB /* [CP] Check Pods Manifest.lock */,
				822A4D8F1D779BCD00C65761 /* Sources */,
				822A4D901D779BCD00C65761 /* Frameworks */,
				822A4D911D779BCD00C65761 /* Resources */,
				78E6BCED18D9A22BCA539775 /* [CP] Embed Pods Frameworks */,
				C7B6E33EEDB5E5FFC7EE5294 /* [CP] Copy Pods Resources */,
			);
			buildRules = (
			);
			dependencies = (
			);
			name = HackTX;
			productName = HackTX;
			productReference = 822A4D931D779BCD00C65761 /* HackTX.app */;
			productType = "com.apple.product-type.application";
		};
/* End PBXNativeTarget section */

/* Begin PBXProject section */
		822A4D8B1D779BCD00C65761 /* Project object */ = {
			isa = PBXProject;
			attributes = {
				LastUpgradeCheck = 0800;
				ORGANIZATIONNAME = HackTX;
				TargetAttributes = {
					822A4D921D779BCD00C65761 = {
						CreatedOnToolsVersion = 8.0;
						DevelopmentTeam = 245X4K2U9R;
						ProvisioningStyle = Automatic;
					};
				};
			};
			buildConfigurationList = 822A4D8E1D779BCD00C65761 /* Build configuration list for PBXProject "HackTX" */;
			compatibilityVersion = "Xcode 3.2";
			developmentRegion = English;
			hasScannedForEncodings = 0;
			knownRegions = (
				en,
				Base,
			);
			mainGroup = 822A4D8A1D779BCD00C65761;
			productRefGroup = 822A4D941D779BCD00C65761 /* Products */;
			projectDirPath = "";
			projectRoot = "";
			targets = (
				822A4D921D779BCD00C65761 /* HackTX */,
			);
		};
/* End PBXProject section */

/* Begin PBXResourcesBuildPhase section */
		822A4D911D779BCD00C65761 /* Resources */ = {
			isa = PBXResourcesBuildPhase;
			buildActionMask = 2147483647;
			files = (
				822A4DA91D779BCD00C65761 /* LaunchScreen.storyboard in Resources */,
				822A4DB11D779D8800C65761 /* GoogleService-Info.plist in Resources */,
				822A4DA61D779BCD00C65761 /* Assets.xcassets in Resources */,
				8215AD9F1D8DD37B00377370 /* AnnouncementTableViewCell.xib in Resources */,
				822A4DA41D779BCD00C65761 /* Main.storyboard in Resources */,
			);
			runOnlyForDeploymentPostprocessing = 0;
		};
/* End PBXResourcesBuildPhase section */

/* Begin PBXShellScriptBuildPhase section */
		548772046E64AF676BEB4EBB /* [CP] Check Pods Manifest.lock */ = {
			isa = PBXShellScriptBuildPhase;
			buildActionMask = 2147483647;
			files = (
			);
			inputPaths = (
			);
			name = "[CP] Check Pods Manifest.lock";
			outputPaths = (
			);
			runOnlyForDeploymentPostprocessing = 0;
			shellPath = /bin/sh;
			shellScript = "diff \"${PODS_ROOT}/../Podfile.lock\" \"${PODS_ROOT}/Manifest.lock\" > /dev/null\nif [[ $? != 0 ]] ; then\n    cat << EOM\nerror: The sandbox is not in sync with the Podfile.lock. Run 'pod install' or update your CocoaPods installation.\nEOM\n    exit 1\nfi\n";
			showEnvVarsInLog = 0;
		};
		78E6BCED18D9A22BCA539775 /* [CP] Embed Pods Frameworks */ = {
			isa = PBXShellScriptBuildPhase;
			buildActionMask = 2147483647;
			files = (
			);
			inputPaths = (
			);
			name = "[CP] Embed Pods Frameworks";
			outputPaths = (
			);
			runOnlyForDeploymentPostprocessing = 0;
			shellPath = /bin/sh;
			shellScript = "\"${SRCROOT}/Pods/Target Support Files/Pods-HackTX/Pods-HackTX-frameworks.sh\"\n";
			showEnvVarsInLog = 0;
		};
		C7B6E33EEDB5E5FFC7EE5294 /* [CP] Copy Pods Resources */ = {
			isa = PBXShellScriptBuildPhase;
			buildActionMask = 2147483647;
			files = (
			);
			inputPaths = (
			);
			name = "[CP] Copy Pods Resources";
			outputPaths = (
			);
			runOnlyForDeploymentPostprocessing = 0;
			shellPath = /bin/sh;
			shellScript = "\"${SRCROOT}/Pods/Target Support Files/Pods-HackTX/Pods-HackTX-resources.sh\"\n";
			showEnvVarsInLog = 0;
		};
/* End PBXShellScriptBuildPhase section */

/* Begin PBXSourcesBuildPhase section */
		822A4D8F1D779BCD00C65761 /* Sources */ = {
			isa = PBXSourcesBuildPhase;
			buildActionMask = 2147483647;
			files = (
				822A4D9B1D779BCD00C65761 /* AppDelegate.m in Sources */,
				822A4DB71D779DD100C65761 /* AnnouncementsViewController.m in Sources */,
				8215ADAB1D8E230F00377370 /* HTXTableViewCell.m in Sources */,
				822E95191D7FF4EE00C0402E /* HTXConstants.m in Sources */,
				82BA003A1D81492F006CA2C6 /* AutolayoutHelper.m in Sources */,
				8215AD7F1D8DBE3700377370 /* Sponsor.m in Sources */,
				822A4DB41D779DBD00C65761 /* ScheduleViewController.m in Sources */,
				8215AD9A1D8DD36000377370 /* AnnouncementTableViewController.m in Sources */,
				822A4D981D779BCD00C65761 /* main.m in Sources */,
				8215ADAF1D8E27F800377370 /* NSString+MD5.m in Sources */,
				8215AD861D8DC53D00377370 /* Location.m in Sources */,
				8215AD831D8DC49F00377370 /* Announcement.m in Sources */,
				82BA00401D814ABA006CA2C6 /* CountdownView.m in Sources */,
				822A4DBA1D779DDA00C65761 /* ProfileViewController.m in Sources */,
				8215AD8F1D8DC88100377370 /* HTXAPI.m in Sources */,
				8215AD891D8DC63F00377370 /* Event.m in Sources */,
				822A4DC01D779DF100C65761 /* MapViewController.m in Sources */,
				82BA003D1D8149B1006CA2C6 /* UIColor+Palette.m in Sources */,
				8215AD8C1D8DC70F00377370 /* Speaker.m in Sources */,
				8215AD921D8DD26C00377370 /* SponsorViewController.m in Sources */,
				8215AD9E1D8DD37B00377370 /* AnnouncementTableViewCell.m in Sources */,
			);
			runOnlyForDeploymentPostprocessing = 0;
		};
/* End PBXSourcesBuildPhase section */

/* Begin PBXVariantGroup section */
		822A4DA21D779BCD00C65761 /* Main.storyboard */ = {
			isa = PBXVariantGroup;
			children = (
				822A4DA31D779BCD00C65761 /* Base */,
			);
			name = Main.storyboard;
			sourceTree = "<group>";
		};
		822A4DA71D779BCD00C65761 /* LaunchScreen.storyboard */ = {
			isa = PBXVariantGroup;
			children = (
				822A4DA81D779BCD00C65761 /* Base */,
			);
			name = LaunchScreen.storyboard;
			sourceTree = "<group>";
		};
/* End PBXVariantGroup section */

/* Begin XCBuildConfiguration section */
		822A4DAB1D779BCD00C65761 /* Debug */ = {
			isa = XCBuildConfiguration;
			buildSettings = {
				ALWAYS_SEARCH_USER_PATHS = NO;
				CLANG_ANALYZER_NONNULL = YES;
				CLANG_CXX_LANGUAGE_STANDARD = "gnu++0x";
				CLANG_CXX_LIBRARY = "libc++";
				CLANG_ENABLE_MODULES = YES;
				CLANG_ENABLE_OBJC_ARC = YES;
				CLANG_WARN_BOOL_CONVERSION = YES;
				CLANG_WARN_CONSTANT_CONVERSION = YES;
				CLANG_WARN_DIRECT_OBJC_ISA_USAGE = YES_ERROR;
				CLANG_WARN_DOCUMENTATION_COMMENTS = YES;
				CLANG_WARN_EMPTY_BODY = YES;
				CLANG_WARN_ENUM_CONVERSION = YES;
				CLANG_WARN_INFINITE_RECURSION = YES;
				CLANG_WARN_INT_CONVERSION = YES;
				CLANG_WARN_OBJC_ROOT_CLASS = YES_ERROR;
				CLANG_WARN_SUSPICIOUS_MOVES = YES;
				CLANG_WARN_UNREACHABLE_CODE = YES;
				CLANG_WARN__DUPLICATE_METHOD_MATCH = YES;
				"CODE_SIGN_IDENTITY[sdk=iphoneos*]" = "iPhone Developer";
				COPY_PHASE_STRIP = NO;
				DEBUG_INFORMATION_FORMAT = dwarf;
				ENABLE_STRICT_OBJC_MSGSEND = YES;
				ENABLE_TESTABILITY = YES;
				GCC_C_LANGUAGE_STANDARD = gnu99;
				GCC_DYNAMIC_NO_PIC = NO;
				GCC_NO_COMMON_BLOCKS = YES;
				GCC_OPTIMIZATION_LEVEL = 0;
				GCC_PREPROCESSOR_DEFINITIONS = (
					"DEBUG=1",
					"$(inherited)",
				);
				GCC_WARN_64_TO_32_BIT_CONVERSION = YES;
				GCC_WARN_ABOUT_RETURN_TYPE = YES_ERROR;
				GCC_WARN_UNDECLARED_SELECTOR = YES;
				GCC_WARN_UNINITIALIZED_AUTOS = YES_AGGRESSIVE;
				GCC_WARN_UNUSED_FUNCTION = YES;
				GCC_WARN_UNUSED_VARIABLE = YES;
				IPHONEOS_DEPLOYMENT_TARGET = 10.0;
				MTL_ENABLE_DEBUG_INFO = YES;
				ONLY_ACTIVE_ARCH = YES;
				SDKROOT = iphoneos;
				TARGETED_DEVICE_FAMILY = "1,2";
			};
			name = Debug;
		};
		822A4DAC1D779BCD00C65761 /* Release */ = {
			isa = XCBuildConfiguration;
			buildSettings = {
				ALWAYS_SEARCH_USER_PATHS = NO;
				CLANG_ANALYZER_NONNULL = YES;
				CLANG_CXX_LANGUAGE_STANDARD = "gnu++0x";
				CLANG_CXX_LIBRARY = "libc++";
				CLANG_ENABLE_MODULES = YES;
				CLANG_ENABLE_OBJC_ARC = YES;
				CLANG_WARN_BOOL_CONVERSION = YES;
				CLANG_WARN_CONSTANT_CONVERSION = YES;
				CLANG_WARN_DIRECT_OBJC_ISA_USAGE = YES_ERROR;
				CLANG_WARN_DOCUMENTATION_COMMENTS = YES;
				CLANG_WARN_EMPTY_BODY = YES;
				CLANG_WARN_ENUM_CONVERSION = YES;
				CLANG_WARN_INFINITE_RECURSION = YES;
				CLANG_WARN_INT_CONVERSION = YES;
				CLANG_WARN_OBJC_ROOT_CLASS = YES_ERROR;
				CLANG_WARN_SUSPICIOUS_MOVES = YES;
				CLANG_WARN_UNREACHABLE_CODE = YES;
				CLANG_WARN__DUPLICATE_METHOD_MATCH = YES;
				"CODE_SIGN_IDENTITY[sdk=iphoneos*]" = "iPhone Developer";
				COPY_PHASE_STRIP = NO;
				DEBUG_INFORMATION_FORMAT = "dwarf-with-dsym";
				ENABLE_NS_ASSERTIONS = NO;
				ENABLE_STRICT_OBJC_MSGSEND = YES;
				GCC_C_LANGUAGE_STANDARD = gnu99;
				GCC_NO_COMMON_BLOCKS = YES;
				GCC_WARN_64_TO_32_BIT_CONVERSION = YES;
				GCC_WARN_ABOUT_RETURN_TYPE = YES_ERROR;
				GCC_WARN_UNDECLARED_SELECTOR = YES;
				GCC_WARN_UNINITIALIZED_AUTOS = YES_AGGRESSIVE;
				GCC_WARN_UNUSED_FUNCTION = YES;
				GCC_WARN_UNUSED_VARIABLE = YES;
				IPHONEOS_DEPLOYMENT_TARGET = 10.0;
				MTL_ENABLE_DEBUG_INFO = NO;
				SDKROOT = iphoneos;
				TARGETED_DEVICE_FAMILY = "1,2";
				VALIDATE_PRODUCT = YES;
			};
			name = Release;
		};
		822A4DAE1D779BCD00C65761 /* Debug */ = {
			isa = XCBuildConfiguration;
			baseConfigurationReference = DDE9620564A4ACF2DB3BFB7E /* Pods-HackTX.debug.xcconfig */;
			buildSettings = {
				ASSETCATALOG_COMPILER_APPICON_NAME = AppIcon;
				DEVELOPMENT_TEAM = 245X4K2U9R;
				INFOPLIST_FILE = HackTX/Info.plist;
				LD_RUNPATH_SEARCH_PATHS = "$(inherited) @executable_path/Frameworks";
				PRODUCT_BUNDLE_IDENTIFIER = com.HackTX.app;
				PRODUCT_NAME = "$(TARGET_NAME)";
			};
			name = Debug;
		};
		822A4DAF1D779BCD00C65761 /* Release */ = {
			isa = XCBuildConfiguration;
			baseConfigurationReference = 099214E83B6739C941439E79 /* Pods-HackTX.release.xcconfig */;
			buildSettings = {
				ASSETCATALOG_COMPILER_APPICON_NAME = AppIcon;
				DEVELOPMENT_TEAM = 245X4K2U9R;
				INFOPLIST_FILE = HackTX/Info.plist;
				LD_RUNPATH_SEARCH_PATHS = "$(inherited) @executable_path/Frameworks";
				PRODUCT_BUNDLE_IDENTIFIER = com.HackTX.app;
				PRODUCT_NAME = "$(TARGET_NAME)";
			};
			name = Release;
		};
/* End XCBuildConfiguration section */

/* Begin XCConfigurationList section */
		822A4D8E1D779BCD00C65761 /* Build configuration list for PBXProject "HackTX" */ = {
			isa = XCConfigurationList;
			buildConfigurations = (
				822A4DAB1D779BCD00C65761 /* Debug */,
				822A4DAC1D779BCD00C65761 /* Release */,
			);
			defaultConfigurationIsVisible = 0;
			defaultConfigurationName = Release;
		};
		822A4DAD1D779BCD00C65761 /* Build configuration list for PBXNativeTarget "HackTX" */ = {
			isa = XCConfigurationList;
			buildConfigurations = (
				822A4DAE1D779BCD00C65761 /* Debug */,
				822A4DAF1D779BCD00C65761 /* Release */,
			);
			defaultConfigurationIsVisible = 0;
			defaultConfigurationName = Release;
		};
/* End XCConfigurationList section */
	};
	rootObject = 822A4D8B1D779BCD00C65761 /* Project object */;
}
